
Microsoft Visual Studio Solution File, Format Version 12.00
# Visual Studio 2012
Project("{FAE04EC0-301F-11D3-BF4B-00C04F79EFBC}") = "RayONS", "RayONS\RayONS.csproj", "{9C5269A5-C2B7-40B2-B951-3A12E9EA6917}"
EndProject
Project("{FAE04EC0-301F-11D3-BF4B-00C04F79EFBC}") = "RayONS.Tests", "RayONS.Tests\RayONS.Tests.csproj", "{ECD1E185-1604-4C42-9BE5-8013A9879DFE}"
EndProject
Project("{FAE04EC0-301F-11D3-BF4B-00C04F79EFBC}") = "RayONS.DAL", "RayONS.DAL\RayONS.DAL.csproj", "{D3F5E67F-9446-4D53-893F-5B9081B50147}"
EndProject
Global
	GlobalSection(SolutionConfigurationPlatforms) = preSolution
		Debug|Any CPU = Debug|Any CPU
		Release|Any CPU = Release|Any CPU
	EndGlobalSection
	GlobalSection(ProjectConfigurationPlatforms) = postSolution
		{9C5269A5-C2B7-40B2-B951-3A12E9EA6917}.Debug|Any CPU.ActiveCfg = Debug|Any CPU
		{9C5269A5-C2B7-40B2-B951-3A12E9EA6917}.Debug|Any CPU.Build.0 = Debug|Any CPU
		{9C5269A5-C2B7-40B2-B951-3A12E9EA6917}.Release|Any CPU.ActiveCfg = Release|Any CPU
		{9C5269A5-C2B7-40B2-B951-3A12E9EA6917}.Release|Any CPU.Build.0 = Release|Any CPU
		{ECD1E185-1604-4C42-9BE5-8013A9879DFE}.Debug|Any CPU.ActiveCfg = Debug|Any CPU
		{ECD1E185-1604-4C42-9BE5-8013A9879DFE}.Debug|Any CPU.Build.0 = Debug|Any CPU
		{ECD1E185-1604-4C42-9BE5-8013A9879DFE}.Release|Any CPU.ActiveCfg = Release|Any CPU
		{ECD1E185-1604-4C42-9BE5-8013A9879DFE}.Release|Any CPU.Build.0 = Release|Any CPU
		{D3F5E67F-9446-4D53-893F-5B9081B50147}.Debug|Any CPU.ActiveCfg = Debug|Any CPU
		{D3F5E67F-9446-4D53-893F-5B9081B50147}.Debug|Any CPU.Build.0 = Debug|Any CPU
		{D3F5E67F-9446-4D53-893F-5B9081B50147}.Release|Any CPU.ActiveCfg = Release|Any CPU
		{D3F5E67F-9446-4D53-893F-5B9081B50147}.Release|Any CPU.Build.0 = Release|Any CPU
	EndGlobalSection
	GlobalSection(SolutionProperties) = preSolution
		HideSolutionNode = FALSE
	EndGlobalSection
EndGlobal
